// !$*UTF8*$!
{
	archiveVersion = 1;
	classes = {
	};
	objectVersion = 54;
	objects = {

/* Begin PBXBuildFile section */
		058557BB273AAA24004C7B11 /* Assets.xcassets in Resources */ = {isa = PBXBuildFile; fileRef = 058557BA273AAA24004C7B11 /* Assets.xcassets */; };
		058557D9273AAEEB004C7B11 /* Preview Assets.xcassets in Resources */ = {isa = PBXBuildFile; fileRef = 058557D8273AAEEB004C7B11 /* Preview Assets.xcassets */; };
		2152FB042600AC8F00CF470E /* iOSApp.swift in Sources */ = {isa = PBXBuildFile; fileRef = 2152FB032600AC8F00CF470E /* iOSApp.swift */; };
		423F22602D984FBE00670055 /* TagList.kt in Resources */ = {isa = PBXBuildFile; fileRef = 423F222C2D984FBE00670055 /* TagList.kt */; };
		423F22612D984FBE00670055 /* GHTagsUseCase.kt in Resources */ = {isa = PBXBuildFile; fileRef = 423F221B2D984FBE00670055 /* GHTagsUseCase.kt */; };
		423F22622D984FBE00670055 /* Utils.kt in Resources */ = {isa = PBXBuildFile; fileRef = 423F22542D984FBE00670055 /* Utils.kt */; };
		423F22632D984FBE00670055 /* NetworkResult.kt in Resources */ = {isa = PBXBuildFile; fileRef = 423F22532D984FBE00670055 /* NetworkResult.kt */; };
		423F22642D984FBE00670055 /* GHRepositoryDetailViewModel.kt in Resources */ = {isa = PBXBuildFile; fileRef = 423F22382D984FBE00670055 /* GHRepositoryDetailViewModel.kt */; };
		423F22652D984FBE00670055 /* HomePageViewModel.kt in Resources */ = {isa = PBXBuildFile; fileRef = 423F22422D984FBE00670055 /* HomePageViewModel.kt */; };
		423F22662D984FBE00670055 /* TagEdit.kt in Resources */ = {isa = PBXBuildFile; fileRef = 423F22282D984FBE00670055 /* TagEdit.kt */; };
		423F22672D984FBE00670055 /* GHHomepageListPage.kt in Resources */ = {isa = PBXBuildFile; fileRef = 423F223A2D984FBE00670055 /* GHHomepageListPage.kt */; };
		423F22682D984FBE00670055 /* ModifierExt.kt in Resources */ = {isa = PBXBuildFile; fileRef = 423F22522D984FBE00670055 /* ModifierExt.kt */; };
		423F22692D984FBE00670055 /* GHTagsSource.kt in Resources */ = {isa = PBXBuildFile; fileRef = 423F221A2D984FBE00670055 /* GHTagsSource.kt */; };
		423F226A2D984FBE00670055 /* compose-multiplatform.xml in Resources */ = {isa = PBXBuildFile; fileRef = 423F220A2D984FBE00670055 /* compose-multiplatform.xml */; };
		423F226B2D984FBE00670055 /* GHRepositoryScreen.kt in Resources */ = {isa = PBXBuildFile; fileRef = 423F22252D984FBE00670055 /* GHRepositoryScreen.kt */; };
		423F226C2D984FBE00670055 /* TagChip.kt in Resources */ = {isa = PBXBuildFile; fileRef = 423F22482D984FBE00670055 /* TagChip.kt */; };
		423F226D2D984FBE00670055 /* TagEditViewModel.kt in Resources */ = {isa = PBXBuildFile; fileRef = 423F222A2D984FBE00670055 /* TagEditViewModel.kt */; };
		423F226E2D984FBE00670055 /* AuthRepository.kt in Resources */ = {isa = PBXBuildFile; fileRef = 423F221F2D984FBE00670055 /* AuthRepository.kt */; };
		423F226F2D984FBE00670055 /* GHRepositoryListViewModel.kt in Resources */ = {isa = PBXBuildFile; fileRef = 423F22242D984FBE00670055 /* GHRepositoryListViewModel.kt */; };
		423F22702D984FBE00670055 /* GoogleLogin.kt in Resources */ = {isa = PBXBuildFile; fileRef = 423F22442D984FBE00670055 /* GoogleLogin.kt */; };
		423F22712D984FBE00670055 /* GHApi.kt in Resources */ = {isa = PBXBuildFile; fileRef = 423F22142D984FBE00670055 /* GHApi.kt */; };
		423F22722D984FBE00670055 /* LoginScreen.kt in Resources */ = {isa = PBXBuildFile; fileRef = 423F22562D984FBE00670055 /* LoginScreen.kt */; };
		423F22732D984FBE00670055 /* KoinModule.kt in Resources */ = {isa = PBXBuildFile; fileRef = 423F22102D984FBE00670055 /* KoinModule.kt */; };
		423F22742D984FBE00670055 /* MainNavigator.kt in Resources */ = {isa = PBXBuildFile; fileRef = 423F225A2D984FBE00670055 /* MainNavigator.kt */; };
		423F22752D984FBE00670055 /* UnsuccessResponseConverterFactory.kt in Resources */ = {isa = PBXBuildFile; fileRef = 423F22162D984FBE00670055 /* UnsuccessResponseConverterFactory.kt */; };
		423F22762D984FBE00670055 /* DatastoreUtils.android.kt in Resources */ = {isa = PBXBuildFile; fileRef = 423F22502D984FBE00670055 /* DatastoreUtils.android.kt */; };
		423F22772D984FBE00670055 /* LoginViewModel.kt in Resources */ = {isa = PBXBuildFile; fileRef = 423F22572D984FBE00670055 /* LoginViewModel.kt */; };
		423F22782D984FBE00670055 /* TagEditScreen.kt in Resources */ = {isa = PBXBuildFile; fileRef = 423F22292D984FBE00670055 /* TagEditScreen.kt */; };
		423F22792D984FBE00670055 /* ic_google_logo.xml in Resources */ = {isa = PBXBuildFile; fileRef = 423F220B2D984FBE00670055 /* ic_google_logo.xml */; };
		423F227A2D984FBE00670055 /* SignInButton.kt in Resources */ = {isa = PBXBuildFile; fileRef = 423F22472D984FBE00670055 /* SignInButton.kt */; };
		423F227B2D984FBE00670055 /* KoinModule.apple.kt in Resources */ = {isa = PBXBuildFile; fileRef = 423F21FD2D984FBE00670055 /* KoinModule.apple.kt */; };
		423F227C2D984FBE00670055 /* Theme.kt in Resources */ = {isa = PBXBuildFile; fileRef = 423F224D2D984FBE00670055 /* Theme.kt */; };
		423F227D2D984FBE00670055 /* GHHomepageListPageViewModel.kt in Resources */ = {isa = PBXBuildFile; fileRef = 423F223B2D984FBE00670055 /* GHHomepageListPageViewModel.kt */; };
		423F227E2D984FBE00670055 /* GHRepositoryDetail.kt in Resources */ = {isa = PBXBuildFile; fileRef = 423F22372D984FBE00670055 /* GHRepositoryDetail.kt */; };
		423F227F2D984FBE00670055 /* GHHomepageTagsPageViewModel.kt in Resources */ = {isa = PBXBuildFile; fileRef = 423F223C2D984FBE00670055 /* GHHomepageTagsPageViewModel.kt */; };
		423F22802D984FBE00670055 /* SessionManager.kt in Resources */ = {isa = PBXBuildFile; fileRef = 423F22452D984FBE00670055 /* SessionManager.kt */; };
		423F22812D984FBE00670055 /* BasePagingSource.kt in Resources */ = {isa = PBXBuildFile; fileRef = 423F224F2D984FBE00670055 /* BasePagingSource.kt */; };
		423F22822D984FBE00670055 /* LocalProvider.kt in Resources */ = {isa = PBXBuildFile; fileRef = 423F22512D984FBE00670055 /* LocalProvider.kt */; };
		423F22832D984FBE00670055 /* TagListViewModel.kt in Resources */ = {isa = PBXBuildFile; fileRef = 423F222E2D984FBE00670055 /* TagListViewModel.kt */; };
		423F22842D984FBE00670055 /* HomePageScreen.kt in Resources */ = {isa = PBXBuildFile; fileRef = 423F22402D984FBE00670055 /* HomePageScreen.kt */; };
		423F22852D984FBE00670055 /* UnsuccessResponseConverterFactory.apple.kt in Resources */ = {isa = PBXBuildFile; fileRef = 423F21FF2D984FBE00670055 /* UnsuccessResponseConverterFactory.apple.kt */; };
		423F22862D984FBE00670055 /* TagSelectionList.kt in Resources */ = {isa = PBXBuildFile; fileRef = 423F222F2D984FBE00670055 /* TagSelectionList.kt */; };
		423F22872D984FBE00670055 /* GHRepositoryListUseCase.kt in Resources */ = {isa = PBXBuildFile; fileRef = 423F22182D984FBE00670055 /* GHRepositoryListUseCase.kt */; };
		423F22882D984FBE00670055 /* Color.kt in Resources */ = {isa = PBXBuildFile; fileRef = 423F224C2D984FBE00670055 /* Color.kt */; };
		423F22892D984FBE00670055 /* AuthApi.kt in Resources */ = {isa = PBXBuildFile; fileRef = 423F221E2D984FBE00670055 /* AuthApi.kt */; };
		423F228A2D984FBE00670055 /* CredentialRepository.kt in Resources */ = {isa = PBXBuildFile; fileRef = 423F22202D984FBE00670055 /* CredentialRepository.kt */; };
		423F228B2D984FBE00670055 /* AdminSection.kt in Resources */ = {isa = PBXBuildFile; fileRef = 423F22332D984FBE00670055 /* AdminSection.kt */; };
		423F228C2D984FBE00670055 /* AdminGHRepositoryList.kt in Resources */ = {isa = PBXBuildFile; fileRef = 423F22232D984FBE00670055 /* AdminGHRepositoryList.kt */; };
		423F228D2D984FBE00670055 /* DatastoreUtils.kt in Resources */ = {isa = PBXBuildFile; fileRef = 423F22022D984FBE00670055 /* DatastoreUtils.kt */; };
		423F228E2D984FBE00670055 /* MainCategoryBottomSheet.kt in Resources */ = {isa = PBXBuildFile; fileRef = 423F22262D984FBE00670055 /* MainCategoryBottomSheet.kt */; };
		423F228F2D984FBE00670055 /* TagSelectionListViewModel.kt in Resources */ = {isa = PBXBuildFile; fileRef = 423F22302D984FBE00670055 /* TagSelectionListViewModel.kt */; };
		423F22902D984FBE00670055 /* GHRepositoryCard.kt in Resources */ = {isa = PBXBuildFile; fileRef = 423F223F2D984FBE00670055 /* GHRepositoryCard.kt */; };
		423F22912D984FBE00670055 /* ApiConstant.kt in Resources */ = {isa = PBXBuildFile; fileRef = 423F22132D984FBE00670055 /* ApiConstant.kt */; };
		423F22922D984FBE00670055 /* CreditScreen.kt in Resources */ = {isa = PBXBuildFile; fileRef = 423F22352D984FBE00670055 /* CreditScreen.kt */; };
		423F22932D984FBE00670055 /* GHTagsPage.kt in Resources */ = {isa = PBXBuildFile; fileRef = 423F223D2D984FBE00670055 /* GHTagsPage.kt */; };
		423F22942D984FBE00670055 /* TagListScreen.kt in Resources */ = {isa = PBXBuildFile; fileRef = 423F222D2D984FBE00670055 /* TagListScreen.kt */; };
		423F22952D984FBE00670055 /* strings.xml in Resources */ = {isa = PBXBuildFile; fileRef = 423F220D2D984FBE00670055 /* strings.xml */; };
		423F22962D984FBE00670055 /* App.kt in Resources */ = {isa = PBXBuildFile; fileRef = 423F22592D984FBE00670055 /* App.kt */; };
		423F22972D984FBE00670055 /* UriHandler.kt in Resources */ = {isa = PBXBuildFile; fileRef = 423F224A2D984FBE00670055 /* UriHandler.kt */; };
		423F22982D984FBE00670055 /* GHRepository.kt in Resources */ = {isa = PBXBuildFile; fileRef = 423F22212D984FBE00670055 /* GHRepository.kt */; };
		423F22992D984FBE00670055 /* HomePageTab.kt in Resources */ = {isa = PBXBuildFile; fileRef = 423F22412D984FBE00670055 /* HomePageTab.kt */; };
		423F229A2D984FBE00670055 /* AdminGHRepository.kt in Resources */ = {isa = PBXBuildFile; fileRef = 423F221D2D984FBE00670055 /* AdminGHRepository.kt */; };
		423F229B2D984FBE00670055 /* AdminGHApi.kt in Resources */ = {isa = PBXBuildFile; fileRef = 423F22122D984FBE00670055 /* AdminGHApi.kt */; };
		423F229C2D984FBE00670055 /* GHRepositorySource.kt in Resources */ = {isa = PBXBuildFile; fileRef = 423F22192D984FBE00670055 /* GHRepositorySource.kt */; };
		7555FF83242A565900829871 /* ContentView.swift in Sources */ = {isa = PBXBuildFile; fileRef = 7555FF82242A565900829871 /* ContentView.swift */; };
/* End PBXBuildFile section */

/* Begin PBXFileReference section */
		058557BA273AAA24004C7B11 /* Assets.xcassets */ = {isa = PBXFileReference; lastKnownFileType = folder.assetcatalog; path = Assets.xcassets; sourceTree = "<group>"; };
		058557D8273AAEEB004C7B11 /* Preview Assets.xcassets */ = {isa = PBXFileReference; lastKnownFileType = folder.assetcatalog; path = "Preview Assets.xcassets"; sourceTree = "<group>"; };
		2152FB032600AC8F00CF470E /* iOSApp.swift */ = {isa = PBXFileReference; lastKnownFileType = sourcecode.swift; path = iOSApp.swift; sourceTree = "<group>"; };
		423F21FD2D984FBE00670055 /* KoinModule.apple.kt */ = {isa = PBXFileReference; lastKnownFileType = text; path = KoinModule.apple.kt; sourceTree = "<group>"; };
		423F21FF2D984FBE00670055 /* UnsuccessResponseConverterFactory.apple.kt */ = {isa = PBXFileReference; lastKnownFileType = text; path = UnsuccessResponseConverterFactory.apple.kt; sourceTree = "<group>"; };
		423F22022D984FBE00670055 /* DatastoreUtils.kt */ = {isa = PBXFileReference; lastKnownFileType = text; path = DatastoreUtils.kt; sourceTree = "<group>"; };
		423F220A2D984FBE00670055 /* compose-multiplatform.xml */ = {isa = PBXFileReference; lastKnownFileType = text.xml; path = "compose-multiplatform.xml"; sourceTree = "<group>"; };
		423F220B2D984FBE00670055 /* ic_google_logo.xml */ = {isa = PBXFileReference; lastKnownFileType = text.xml; path = ic_google_logo.xml; sourceTree = "<group>"; };
		423F220D2D984FBE00670055 /* strings.xml */ = {isa = PBXFileReference; lastKnownFileType = text.xml; path = strings.xml; sourceTree = "<group>"; };
		423F22102D984FBE00670055 /* KoinModule.kt */ = {isa = PBXFileReference; lastKnownFileType = text; path = KoinModule.kt; sourceTree = "<group>"; };
		423F22122D984FBE00670055 /* AdminGHApi.kt */ = {isa = PBXFileReference; lastKnownFileType = text; path = AdminGHApi.kt; sourceTree = "<group>"; };
		423F22132D984FBE00670055 /* ApiConstant.kt */ = {isa = PBXFileReference; lastKnownFileType = text; path = ApiConstant.kt; sourceTree = "<group>"; };
		423F22142D984FBE00670055 /* GHApi.kt */ = {isa = PBXFileReference; lastKnownFileType = text; path = GHApi.kt; sourceTree = "<group>"; };
		423F22162D984FBE00670055 /* UnsuccessResponseConverterFactory.kt */ = {isa = PBXFileReference; lastKnownFileType = text; path = UnsuccessResponseConverterFactory.kt; sourceTree = "<group>"; };
		423F22182D984FBE00670055 /* GHRepositoryListUseCase.kt */ = {isa = PBXFileReference; lastKnownFileType = text; path = GHRepositoryListUseCase.kt; sourceTree = "<group>"; };
		423F22192D984FBE00670055 /* GHRepositorySource.kt */ = {isa = PBXFileReference; lastKnownFileType = text; path = GHRepositorySource.kt; sourceTree = "<group>"; };
		423F221A2D984FBE00670055 /* GHTagsSource.kt */ = {isa = PBXFileReference; lastKnownFileType = text; path = GHTagsSource.kt; sourceTree = "<group>"; };
		423F221B2D984FBE00670055 /* GHTagsUseCase.kt */ = {isa = PBXFileReference; lastKnownFileType = text; path = GHTagsUseCase.kt; sourceTree = "<group>"; };
		423F221D2D984FBE00670055 /* AdminGHRepository.kt */ = {isa = PBXFileReference; lastKnownFileType = text; path = AdminGHRepository.kt; sourceTree = "<group>"; };
		423F221E2D984FBE00670055 /* AuthApi.kt */ = {isa = PBXFileReference; lastKnownFileType = text; path = AuthApi.kt; sourceTree = "<group>"; };
		423F221F2D984FBE00670055 /* AuthRepository.kt */ = {isa = PBXFileReference; lastKnownFileType = text; path = AuthRepository.kt; sourceTree = "<group>"; };
		423F22202D984FBE00670055 /* CredentialRepository.kt */ = {isa = PBXFileReference; lastKnownFileType = text; path = CredentialRepository.kt; sourceTree = "<group>"; };
		423F22212D984FBE00670055 /* GHRepository.kt */ = {isa = PBXFileReference; lastKnownFileType = text; path = GHRepository.kt; sourceTree = "<group>"; };
		423F22232D984FBE00670055 /* AdminGHRepositoryList.kt */ = {isa = PBXFileReference; lastKnownFileType = text; path = AdminGHRepositoryList.kt; sourceTree = "<group>"; };
		423F22242D984FBE00670055 /* GHRepositoryListViewModel.kt */ = {isa = PBXFileReference; lastKnownFileType = text; path = GHRepositoryListViewModel.kt; sourceTree = "<group>"; };
		423F22252D984FBE00670055 /* GHRepositoryScreen.kt */ = {isa = PBXFileReference; lastKnownFileType = text; path = GHRepositoryScreen.kt; sourceTree = "<group>"; };
		423F22262D984FBE00670055 /* MainCategoryBottomSheet.kt */ = {isa = PBXFileReference; lastKnownFileType = text; path = MainCategoryBottomSheet.kt; sourceTree = "<group>"; };
		423F22282D984FBE00670055 /* TagEdit.kt */ = {isa = PBXFileReference; lastKnownFileType = text; path = TagEdit.kt; sourceTree = "<group>"; };
		423F22292D984FBE00670055 /* TagEditScreen.kt */ = {isa = PBXFileReference; lastKnownFileType = text; path = TagEditScreen.kt; sourceTree = "<group>"; };
		423F222A2D984FBE00670055 /* TagEditViewModel.kt */ = {isa = PBXFileReference; lastKnownFileType = text; path = TagEditViewModel.kt; sourceTree = "<group>"; };
		423F222C2D984FBE00670055 /* TagList.kt */ = {isa = PBXFileReference; lastKnownFileType = text; path = TagList.kt; sourceTree = "<group>"; };
		423F222D2D984FBE00670055 /* TagListScreen.kt */ = {isa = PBXFileReference; lastKnownFileType = text; path = TagListScreen.kt; sourceTree = "<group>"; };
		423F222E2D984FBE00670055 /* TagListViewModel.kt */ = {isa = PBXFileReference; lastKnownFileType = text; path = TagListViewModel.kt; sourceTree = "<group>"; };
		423F222F2D984FBE00670055 /* TagSelectionList.kt */ = {isa = PBXFileReference; lastKnownFileType = text; path = TagSelectionList.kt; sourceTree = "<group>"; };
		423F22302D984FBE00670055 /* TagSelectionListViewModel.kt */ = {isa = PBXFileReference; lastKnownFileType = text; path = TagSelectionListViewModel.kt; sourceTree = "<group>"; };
		423F22332D984FBE00670055 /* AdminSection.kt */ = {isa = PBXFileReference; lastKnownFileType = text; path = AdminSection.kt; sourceTree = "<group>"; };
		423F22352D984FBE00670055 /* CreditScreen.kt */ = {isa = PBXFileReference; lastKnownFileType = text; path = CreditScreen.kt; sourceTree = "<group>"; };
		423F22372D984FBE00670055 /* GHRepositoryDetail.kt */ = {isa = PBXFileReference; lastKnownFileType = text; path = GHRepositoryDetail.kt; sourceTree = "<group>"; };
		423F22382D984FBE00670055 /* GHRepositoryDetailViewModel.kt */ = {isa = PBXFileReference; lastKnownFileType = text; path = GHRepositoryDetailViewModel.kt; sourceTree = "<group>"; };
		423F223A2D984FBE00670055 /* GHHomepageListPage.kt */ = {isa = PBXFileReference; lastKnownFileType = text; path = GHHomepageListPage.kt; sourceTree = "<group>"; };
		423F223B2D984FBE00670055 /* GHHomepageListPageViewModel.kt */ = {isa = PBXFileReference; lastKnownFileType = text; path = GHHomepageListPageViewModel.kt; sourceTree = "<group>"; };
		423F223C2D984FBE00670055 /* GHHomepageTagsPageViewModel.kt */ = {isa = PBXFileReference; lastKnownFileType = text; path = GHHomepageTagsPageViewModel.kt; sourceTree = "<group>"; };
		423F223D2D984FBE00670055 /* GHTagsPage.kt */ = {isa = PBXFileReference; lastKnownFileType = text; path = GHTagsPage.kt; sourceTree = "<group>"; };
		423F223F2D984FBE00670055 /* GHRepositoryCard.kt */ = {isa = PBXFileReference; lastKnownFileType = text; path = GHRepositoryCard.kt; sourceTree = "<group>"; };
		423F22402D984FBE00670055 /* HomePageScreen.kt */ = {isa = PBXFileReference; lastKnownFileType = text; path = HomePageScreen.kt; sourceTree = "<group>"; };
		423F22412D984FBE00670055 /* HomePageTab.kt */ = {isa = PBXFileReference; lastKnownFileType = text; path = HomePageTab.kt; sourceTree = "<group>"; };
		423F22422D984FBE00670055 /* HomePageViewModel.kt */ = {isa = PBXFileReference; lastKnownFileType = text; path = HomePageViewModel.kt; sourceTree = "<group>"; };
		423F22442D984FBE00670055 /* GoogleLogin.kt */ = {isa = PBXFileReference; lastKnownFileType = text; path = GoogleLogin.kt; sourceTree = "<group>"; };
		423F22452D984FBE00670055 /* SessionManager.kt */ = {isa = PBXFileReference; lastKnownFileType = text; path = SessionManager.kt; sourceTree = "<group>"; };
		423F22472D984FBE00670055 /* SignInButton.kt */ = {isa = PBXFileReference; lastKnownFileType = text; path = SignInButton.kt; sourceTree = "<group>"; };
		423F22482D984FBE00670055 /* TagChip.kt */ = {isa = PBXFileReference; lastKnownFileType = text; path = TagChip.kt; sourceTree = "<group>"; };
		423F224A2D984FBE00670055 /* UriHandler.kt */ = {isa = PBXFileReference; lastKnownFileType = text; path = UriHandler.kt; sourceTree = "<group>"; };
		423F224C2D984FBE00670055 /* Color.kt */ = {isa = PBXFileReference; lastKnownFileType = text; path = Color.kt; sourceTree = "<group>"; };
		423F224D2D984FBE00670055 /* Theme.kt */ = {isa = PBXFileReference; lastKnownFileType = text; path = Theme.kt; sourceTree = "<group>"; };
		423F224F2D984FBE00670055 /* BasePagingSource.kt */ = {isa = PBXFileReference; lastKnownFileType = text; path = BasePagingSource.kt; sourceTree = "<group>"; };
		423F22502D984FBE00670055 /* DatastoreUtils.android.kt */ = {isa = PBXFileReference; lastKnownFileType = text; path = DatastoreUtils.android.kt; sourceTree = "<group>"; };
		423F22512D984FBE00670055 /* LocalProvider.kt */ = {isa = PBXFileReference; lastKnownFileType = text; path = LocalProvider.kt; sourceTree = "<group>"; };
		423F22522D984FBE00670055 /* ModifierExt.kt */ = {isa = PBXFileReference; lastKnownFileType = text; path = ModifierExt.kt; sourceTree = "<group>"; };
		423F22532D984FBE00670055 /* NetworkResult.kt */ = {isa = PBXFileReference; lastKnownFileType = text; path = NetworkResult.kt; sourceTree = "<group>"; };
		423F22542D984FBE00670055 /* Utils.kt */ = {isa = PBXFileReference; lastKnownFileType = text; path = Utils.kt; sourceTree = "<group>"; };
		423F22562D984FBE00670055 /* LoginScreen.kt */ = {isa = PBXFileReference; lastKnownFileType = text; path = LoginScreen.kt; sourceTree = "<group>"; };
		423F22572D984FBE00670055 /* LoginViewModel.kt */ = {isa = PBXFileReference; lastKnownFileType = text; path = LoginViewModel.kt; sourceTree = "<group>"; };
		423F22592D984FBE00670055 /* App.kt */ = {isa = PBXFileReference; lastKnownFileType = text; path = App.kt; sourceTree = "<group>"; };
		423F225A2D984FBE00670055 /* MainNavigator.kt */ = {isa = PBXFileReference; lastKnownFileType = text; path = MainNavigator.kt; sourceTree = "<group>"; };
		7555FF7B242A565900829871 /* TTD.app */ = {isa = PBXFileReference; explicitFileType = wrapper.application; includeInIndex = 0; path = TTD.app; sourceTree = BUILT_PRODUCTS_DIR; };
		7555FF82242A565900829871 /* ContentView.swift */ = {isa = PBXFileReference; lastKnownFileType = sourcecode.swift; path = ContentView.swift; sourceTree = "<group>"; };
		7555FF8C242A565B00829871 /* Info.plist */ = {isa = PBXFileReference; lastKnownFileType = text.plist.xml; path = Info.plist; sourceTree = "<group>"; };
		AB3632DC29227652001CCB65 /* Config.xcconfig */ = {isa = PBXFileReference; fileEncoding = 4; lastKnownFileType = text.xcconfig; path = Config.xcconfig; sourceTree = "<group>"; };
/* End PBXFileReference section */

/* Begin PBXFrameworksBuildPhase section */
		B92378962B6B1156000C7307 /* Frameworks */ = {
			isa = PBXFrameworksBuildPhase;
			buildActionMask = 2147483647;
			files = (
			);
			runOnlyForDeploymentPostprocessing = 0;
		};
/* End PBXFrameworksBuildPhase section */

/* Begin PBXGroup section */
		058557D7273AAEEB004C7B11 /* Preview Content */ = {
			isa = PBXGroup;
			children = (
				058557D8273AAEEB004C7B11 /* Preview Assets.xcassets */,
			);
			path = "Preview Content";
			sourceTree = "<group>";
		};
		423F21FC2D984F9800670055 /* Kotlin Debug */ = {
			isa = PBXGroup;
			children = (
				423F22092D984FBE00670055 /* appleMain */,
				423F225F2D984FBE00670055 /* commonMain */,
			);
			path = "Kotlin Debug";
			sourceTree = "<group>";
		};
		423F21FE2D984FBE00670055 /* di */ = {
			isa = PBXGroup;
			children = (
				423F21FD2D984FBE00670055 /* KoinModule.apple.kt */,
			);
			path = di;
			sourceTree = "<group>";
		};
		423F22002D984FBE00670055 /* converter */ = {
			isa = PBXGroup;
			children = (
				423F21FF2D984FBE00670055 /* UnsuccessResponseConverterFactory.apple.kt */,
			);
			path = converter;
			sourceTree = "<group>";
		};
		423F22012D984FBE00670055 /* repository */ = {
			isa = PBXGroup;
			children = (
				423F22002D984FBE00670055 /* converter */,
			);
			path = repository;
			sourceTree = "<group>";
		};
		423F22032D984FBE00670055 /* utils */ = {
			isa = PBXGroup;
			children = (
				423F22022D984FBE00670055 /* DatastoreUtils.kt */,
			);
			path = utils;
			sourceTree = "<group>";
		};
		423F22042D984FBE00670055 /* ui */ = {
			isa = PBXGroup;
			children = (
				423F22032D984FBE00670055 /* utils */,
			);
			path = ui;
			sourceTree = "<group>";
		};
		423F22052D984FBE00670055 /* dashboard */ = {
			isa = PBXGroup;
			children = (
				423F21FE2D984FBE00670055 /* di */,
				423F22012D984FBE00670055 /* repository */,
				423F22042D984FBE00670055 /* ui */,
			);
			path = dashboard;
			sourceTree = "<group>";
		};
		423F22062D984FBE00670055 /* takaotech */ = {
			isa = PBXGroup;
			children = (
				423F22052D984FBE00670055 /* dashboard */,
			);
			path = takaotech;
			sourceTree = "<group>";
		};
		423F22072D984FBE00670055 /* com */ = {
			isa = PBXGroup;
			children = (
				423F22062D984FBE00670055 /* takaotech */,
			);
			path = com;
			sourceTree = "<group>";
		};
		423F22082D984FBE00670055 /* kotlin */ = {
			isa = PBXGroup;
			children = (
				423F22072D984FBE00670055 /* com */,
			);
			path = kotlin;
			sourceTree = "<group>";
		};
		423F22092D984FBE00670055 /* appleMain */ = {
			isa = PBXGroup;
			children = (
				423F22082D984FBE00670055 /* kotlin */,
			);
			name = appleMain;
			path = ../composeApp/src/appleMain;
			sourceTree = SOURCE_ROOT;
		};
		423F220C2D984FBE00670055 /* drawable */ = {
			isa = PBXGroup;
			children = (
				423F220A2D984FBE00670055 /* compose-multiplatform.xml */,
				423F220B2D984FBE00670055 /* ic_google_logo.xml */,
			);
			path = drawable;
			sourceTree = "<group>";
		};
		423F220E2D984FBE00670055 /* values */ = {
			isa = PBXGroup;
			children = (
				423F220D2D984FBE00670055 /* strings.xml */,
			);
			path = values;
			sourceTree = "<group>";
		};
		423F220F2D984FBE00670055 /* composeResources */ = {
			isa = PBXGroup;
			children = (
				423F220C2D984FBE00670055 /* drawable */,
				423F220E2D984FBE00670055 /* values */,
			);
			path = composeResources;
			sourceTree = "<group>";
		};
		423F22112D984FBE00670055 /* di */ = {
			isa = PBXGroup;
			children = (
				423F22102D984FBE00670055 /* KoinModule.kt */,
			);
			path = di;
			sourceTree = "<group>";
		};
		423F22152D984FBE00670055 /* api */ = {
			isa = PBXGroup;
			children = (
				423F22122D984FBE00670055 /* AdminGHApi.kt */,
				423F22132D984FBE00670055 /* ApiConstant.kt */,
				423F22142D984FBE00670055 /* GHApi.kt */,
			);
			path = api;
			sourceTree = "<group>";
		};
		423F22172D984FBE00670055 /* converter */ = {
			isa = PBXGroup;
			children = (
				423F22162D984FBE00670055 /* UnsuccessResponseConverterFactory.kt */,
			);
			path = converter;
			sourceTree = "<group>";
		};
		423F221C2D984FBE00670055 /* usecase */ = {
			isa = PBXGroup;
			children = (
				423F22182D984FBE00670055 /* GHRepositoryListUseCase.kt */,
				423F22192D984FBE00670055 /* GHRepositorySource.kt */,
				423F221A2D984FBE00670055 /* GHTagsSource.kt */,
				423F221B2D984FBE00670055 /* GHTagsUseCase.kt */,
			);
			path = usecase;
			sourceTree = "<group>";
		};
		423F22222D984FBE00670055 /* repository */ = {
			isa = PBXGroup;
			children = (
				423F22152D984FBE00670055 /* api */,
				423F22172D984FBE00670055 /* converter */,
				423F221C2D984FBE00670055 /* usecase */,
				423F221D2D984FBE00670055 /* AdminGHRepository.kt */,
				423F221E2D984FBE00670055 /* AuthApi.kt */,
				423F221F2D984FBE00670055 /* AuthRepository.kt */,
				423F22202D984FBE00670055 /* CredentialRepository.kt */,
				423F22212D984FBE00670055 /* GHRepository.kt */,
			);
			path = repository;
			sourceTree = "<group>";
		};
		423F22272D984FBE00670055 /* github */ = {
			isa = PBXGroup;
			children = (
				423F22232D984FBE00670055 /* AdminGHRepositoryList.kt */,
				423F22242D984FBE00670055 /* GHRepositoryListViewModel.kt */,
				423F22252D984FBE00670055 /* GHRepositoryScreen.kt */,
				423F22262D984FBE00670055 /* MainCategoryBottomSheet.kt */,
			);
			path = github;
			sourceTree = "<group>";
		};
		423F222B2D984FBE00670055 /* edit */ = {
			isa = PBXGroup;
			children = (
				423F22282D984FBE00670055 /* TagEdit.kt */,
				423F22292D984FBE00670055 /* TagEditScreen.kt */,
				423F222A2D984FBE00670055 /* TagEditViewModel.kt */,
			);
			path = edit;
			sourceTree = "<group>";
		};
		423F22312D984FBE00670055 /* list */ = {
			isa = PBXGroup;
			children = (
				423F222C2D984FBE00670055 /* TagList.kt */,
				423F222D2D984FBE00670055 /* TagListScreen.kt */,
				423F222E2D984FBE00670055 /* TagListViewModel.kt */,
				423F222F2D984FBE00670055 /* TagSelectionList.kt */,
				423F22302D984FBE00670055 /* TagSelectionListViewModel.kt */,
			);
			path = list;
			sourceTree = "<group>";
		};
		423F22322D984FBE00670055 /* tags */ = {
			isa = PBXGroup;
			children = (
				423F222B2D984FBE00670055 /* edit */,
				423F22312D984FBE00670055 /* list */,
			);
			path = tags;
			sourceTree = "<group>";
		};
		423F22342D984FBE00670055 /* admin */ = {
			isa = PBXGroup;
			children = (
				423F22272D984FBE00670055 /* github */,
				423F22322D984FBE00670055 /* tags */,
				423F22332D984FBE00670055 /* AdminSection.kt */,
			);
			path = admin;
			sourceTree = "<group>";
		};
		423F22362D984FBE00670055 /* credits */ = {
			isa = PBXGroup;
			children = (
				423F22352D984FBE00670055 /* CreditScreen.kt */,
			);
			path = credits;
			sourceTree = "<group>";
		};
		423F22392D984FBE00670055 /* detail */ = {
			isa = PBXGroup;
			children = (
				423F22372D984FBE00670055 /* GHRepositoryDetail.kt */,
				423F22382D984FBE00670055 /* GHRepositoryDetailViewModel.kt */,
			);
			path = detail;
			sourceTree = "<group>";
		};
		423F223E2D984FBE00670055 /* list */ = {
			isa = PBXGroup;
			children = (
				423F223A2D984FBE00670055 /* GHHomepageListPage.kt */,
				423F223B2D984FBE00670055 /* GHHomepageListPageViewModel.kt */,
				423F223C2D984FBE00670055 /* GHHomepageTagsPageViewModel.kt */,
				423F223D2D984FBE00670055 /* GHTagsPage.kt */,
			);
			path = list;
			sourceTree = "<group>";
		};
		423F22432D984FBE00670055 /* github */ = {
			isa = PBXGroup;
			children = (
				423F22392D984FBE00670055 /* detail */,
				423F223E2D984FBE00670055 /* list */,
				423F223F2D984FBE00670055 /* GHRepositoryCard.kt */,
				423F22402D984FBE00670055 /* HomePageScreen.kt */,
				423F22412D984FBE00670055 /* HomePageTab.kt */,
				423F22422D984FBE00670055 /* HomePageViewModel.kt */,
			);
			path = github;
			sourceTree = "<group>";
		};
		423F22462D984FBE00670055 /* login */ = {
			isa = PBXGroup;
			children = (
				423F22442D984FBE00670055 /* GoogleLogin.kt */,
				423F22452D984FBE00670055 /* SessionManager.kt */,
			);
			path = login;
			sourceTree = "<group>";
		};
		423F22492D984FBE00670055 /* components */ = {
			isa = PBXGroup;
			children = (
				423F22472D984FBE00670055 /* SignInButton.kt */,
				423F22482D984FBE00670055 /* TagChip.kt */,
			);
			path = components;
			sourceTree = "<group>";
		};
		423F224B2D984FBE00670055 /* platform */ = {
			isa = PBXGroup;
			children = (
				423F22492D984FBE00670055 /* components */,
				423F224A2D984FBE00670055 /* UriHandler.kt */,
			);
			path = platform;
			sourceTree = "<group>";
		};
		423F224E2D984FBE00670055 /* theme */ = {
			isa = PBXGroup;
			children = (
				423F224C2D984FBE00670055 /* Color.kt */,
				423F224D2D984FBE00670055 /* Theme.kt */,
			);
			path = theme;
			sourceTree = "<group>";
		};
		423F22552D984FBE00670055 /* utils */ = {
			isa = PBXGroup;
			children = (
				423F224F2D984FBE00670055 /* BasePagingSource.kt */,
				423F22502D984FBE00670055 /* DatastoreUtils.android.kt */,
				423F22512D984FBE00670055 /* LocalProvider.kt */,
				423F22522D984FBE00670055 /* ModifierExt.kt */,
				423F22532D984FBE00670055 /* NetworkResult.kt */,
				423F22542D984FBE00670055 /* Utils.kt */,
			);
			path = utils;
			sourceTree = "<group>";
		};
		423F22582D984FBE00670055 /* ui */ = {
			isa = PBXGroup;
			children = (
				423F22342D984FBE00670055 /* admin */,
				423F22362D984FBE00670055 /* credits */,
				423F22432D984FBE00670055 /* github */,
				423F22462D984FBE00670055 /* login */,
				423F224B2D984FBE00670055 /* platform */,
				423F224E2D984FBE00670055 /* theme */,
				423F22552D984FBE00670055 /* utils */,
				423F22562D984FBE00670055 /* LoginScreen.kt */,
				423F22572D984FBE00670055 /* LoginViewModel.kt */,
			);
			path = ui;
			sourceTree = "<group>";
		};
		423F225B2D984FBE00670055 /* dashboard */ = {
			isa = PBXGroup;
			children = (
				423F22112D984FBE00670055 /* di */,
				423F22222D984FBE00670055 /* repository */,
				423F22582D984FBE00670055 /* ui */,
				423F22592D984FBE00670055 /* App.kt */,
				423F225A2D984FBE00670055 /* MainNavigator.kt */,
			);
			path = dashboard;
			sourceTree = "<group>";
		};
		423F225C2D984FBE00670055 /* takaotech */ = {
			isa = PBXGroup;
			children = (
				423F225B2D984FBE00670055 /* dashboard */,
			);
			path = takaotech;
			sourceTree = "<group>";
		};
		423F225D2D984FBE00670055 /* com */ = {
			isa = PBXGroup;
			children = (
				423F225C2D984FBE00670055 /* takaotech */,
			);
			path = com;
			sourceTree = "<group>";
		};
		423F225E2D984FBE00670055 /* kotlin */ = {
			isa = PBXGroup;
			children = (
				423F225D2D984FBE00670055 /* com */,
			);
			path = kotlin;
			sourceTree = "<group>";
		};
		423F225F2D984FBE00670055 /* commonMain */ = {
			isa = PBXGroup;
			children = (
				423F220F2D984FBE00670055 /* composeResources */,
				423F225E2D984FBE00670055 /* kotlin */,
			);
			name = commonMain;
			path = ../composeApp/src/commonMain;
			sourceTree = SOURCE_ROOT;
		};
		42799AB246E5F90AF97AA0EF /* Frameworks */ = {
			isa = PBXGroup;
			children = (
			);
			name = Frameworks;
			sourceTree = "<group>";
		};
		7555FF72242A565900829871 = {
			isa = PBXGroup;
			children = (
				423F21FC2D984F9800670055 /* Kotlin Debug */,
				AB1DB47929225F7C00F7AF9C /* Configuration */,
				7555FF7D242A565900829871 /* iosApp */,
				7555FF7C242A565900829871 /* Products */,
				42799AB246E5F90AF97AA0EF /* Frameworks */,
			);
			sourceTree = "<group>";
		};
		7555FF7C242A565900829871 /* Products */ = {
			isa = PBXGroup;
			children = (
				7555FF7B242A565900829871 /* TTD.app */,
			);
			name = Products;
			sourceTree = "<group>";
		};
		7555FF7D242A565900829871 /* iosApp */ = {
			isa = PBXGroup;
			children = (
				058557BA273AAA24004C7B11 /* Assets.xcassets */,
				7555FF82242A565900829871 /* ContentView.swift */,
				7555FF8C242A565B00829871 /* Info.plist */,
				2152FB032600AC8F00CF470E /* iOSApp.swift */,
				058557D7273AAEEB004C7B11 /* Preview Content */,
			);
			path = iosApp;
			sourceTree = "<group>";
		};
		AB1DB47929225F7C00F7AF9C /* Configuration */ = {
			isa = PBXGroup;
			children = (
				AB3632DC29227652001CCB65 /* Config.xcconfig */,
			);
			path = Configuration;
			sourceTree = "<group>";
		};
/* End PBXGroup section */

/* Begin PBXNativeTarget section */
		7555FF7A242A565900829871 /* iosApp */ = {
			isa = PBXNativeTarget;
			buildConfigurationList = 7555FFA5242A565B00829871 /* Build configuration list for PBXNativeTarget "iosApp" */;
			buildPhases = (
				F36B1CEB2AD83DDC00CB74D5 /* Compile Kotlin Framework */,
				7555FF77242A565900829871 /* Sources */,
				B92378962B6B1156000C7307 /* Frameworks */,
				7555FF79242A565900829871 /* Resources */,
			);
			buildRules = (
			);
			dependencies = (
			);
			name = iosApp;
			packageProductDependencies = (
			);
			productName = iosApp;
			productReference = 7555FF7B242A565900829871 /* TTD.app */;
			productType = "com.apple.product-type.application";
		};
/* End PBXNativeTarget section */

/* Begin PBXProject section */
		7555FF73242A565900829871 /* Project object */ = {
			isa = PBXProject;
			attributes = {
				LastSwiftUpdateCheck = 1130;
				LastUpgradeCheck = 1130;
				ORGANIZATIONNAME = orgName;
				TargetAttributes = {
					7555FF7A242A565900829871 = {
						CreatedOnToolsVersion = 11.3.1;
					};
				};
			};
			buildConfigurationList = 7555FF76242A565900829871 /* Build configuration list for PBXProject "iosApp" */;
			compatibilityVersion = "Xcode 12.0";
			developmentRegion = en;
			hasScannedForEncodings = 0;
			knownRegions = (
				en,
				Base,
			);
			mainGroup = 7555FF72242A565900829871;
			packageReferences = (
			);
			productRefGroup = 7555FF7C242A565900829871 /* Products */;
			projectDirPath = "";
			projectRoot = "";
			targets = (
				7555FF7A242A565900829871 /* iosApp */,
			);
		};
/* End PBXProject section */

/* Begin PBXResourcesBuildPhase section */
		7555FF79242A565900829871 /* Resources */ = {
			isa = PBXResourcesBuildPhase;
			buildActionMask = 2147483647;
			files = (
				058557D9273AAEEB004C7B11 /* Preview Assets.xcassets in Resources */,
				423F22602D984FBE00670055 /* TagList.kt in Resources */,
				423F22612D984FBE00670055 /* GHTagsUseCase.kt in Resources */,
				423F22622D984FBE00670055 /* Utils.kt in Resources */,
				423F22632D984FBE00670055 /* NetworkResult.kt in Resources */,
				423F22642D984FBE00670055 /* GHRepositoryDetailViewModel.kt in Resources */,
				423F22652D984FBE00670055 /* HomePageViewModel.kt in Resources */,
				423F22662D984FBE00670055 /* TagEdit.kt in Resources */,
				423F22672D984FBE00670055 /* GHHomepageListPage.kt in Resources */,
				423F22682D984FBE00670055 /* ModifierExt.kt in Resources */,
				423F22692D984FBE00670055 /* GHTagsSource.kt in Resources */,
				423F226A2D984FBE00670055 /* compose-multiplatform.xml in Resources */,
				423F226B2D984FBE00670055 /* GHRepositoryScreen.kt in Resources */,
				423F226C2D984FBE00670055 /* TagChip.kt in Resources */,
				423F226D2D984FBE00670055 /* TagEditViewModel.kt in Resources */,
				423F226E2D984FBE00670055 /* AuthRepository.kt in Resources */,
				423F226F2D984FBE00670055 /* GHRepositoryListViewModel.kt in Resources */,
				423F22702D984FBE00670055 /* GoogleLogin.kt in Resources */,
				423F22712D984FBE00670055 /* GHApi.kt in Resources */,
				423F22722D984FBE00670055 /* LoginScreen.kt in Resources */,
				423F22732D984FBE00670055 /* KoinModule.kt in Resources */,
				423F22742D984FBE00670055 /* MainNavigator.kt in Resources */,
				423F22752D984FBE00670055 /* UnsuccessResponseConverterFactory.kt in Resources */,
				423F22762D984FBE00670055 /* DatastoreUtils.android.kt in Resources */,
				423F22772D984FBE00670055 /* LoginViewModel.kt in Resources */,
				423F22782D984FBE00670055 /* TagEditScreen.kt in Resources */,
				423F22792D984FBE00670055 /* ic_google_logo.xml in Resources */,
				423F227A2D984FBE00670055 /* SignInButton.kt in Resources */,
				423F227B2D984FBE00670055 /* KoinModule.apple.kt in Resources */,
				423F227C2D984FBE00670055 /* Theme.kt in Resources */,
				423F227D2D984FBE00670055 /* GHHomepageListPageViewModel.kt in Resources */,
				423F227E2D984FBE00670055 /* GHRepositoryDetail.kt in Resources */,
				423F227F2D984FBE00670055 /* GHHomepageTagsPageViewModel.kt in Resources */,
				423F22802D984FBE00670055 /* SessionManager.kt in Resources */,
				423F22812D984FBE00670055 /* BasePagingSource.kt in Resources */,
				423F22822D984FBE00670055 /* LocalProvider.kt in Resources */,
				423F22832D984FBE00670055 /* TagListViewModel.kt in Resources */,
				423F22842D984FBE00670055 /* HomePageScreen.kt in Resources */,
				423F22852D984FBE00670055 /* UnsuccessResponseConverterFactory.apple.kt in Resources */,
				423F22862D984FBE00670055 /* TagSelectionList.kt in Resources */,
				423F22872D984FBE00670055 /* GHRepositoryListUseCase.kt in Resources */,
				423F22882D984FBE00670055 /* Color.kt in Resources */,
				423F22892D984FBE00670055 /* AuthApi.kt in Resources */,
				423F228A2D984FBE00670055 /* CredentialRepository.kt in Resources */,
				423F228B2D984FBE00670055 /* AdminSection.kt in Resources */,
				423F228C2D984FBE00670055 /* AdminGHRepositoryList.kt in Resources */,
				423F228D2D984FBE00670055 /* DatastoreUtils.kt in Resources */,
				423F228E2D984FBE00670055 /* MainCategoryBottomSheet.kt in Resources */,
				423F228F2D984FBE00670055 /* TagSelectionListViewModel.kt in Resources */,
				423F22902D984FBE00670055 /* GHRepositoryCard.kt in Resources */,
				423F22912D984FBE00670055 /* ApiConstant.kt in Resources */,
				423F22922D984FBE00670055 /* CreditScreen.kt in Resources */,
				423F22932D984FBE00670055 /* GHTagsPage.kt in Resources */,
				423F22942D984FBE00670055 /* TagListScreen.kt in Resources */,
				423F22952D984FBE00670055 /* strings.xml in Resources */,
				423F22962D984FBE00670055 /* App.kt in Resources */,
				423F22972D984FBE00670055 /* UriHandler.kt in Resources */,
				423F22982D984FBE00670055 /* GHRepository.kt in Resources */,
				423F22992D984FBE00670055 /* HomePageTab.kt in Resources */,
				423F229A2D984FBE00670055 /* AdminGHRepository.kt in Resources */,
				423F229B2D984FBE00670055 /* AdminGHApi.kt in Resources */,
				423F229C2D984FBE00670055 /* GHRepositorySource.kt in Resources */,
				058557BB273AAA24004C7B11 /* Assets.xcassets in Resources */,
			);
			runOnlyForDeploymentPostprocessing = 0;
		};
/* End PBXResourcesBuildPhase section */

/* Begin PBXShellScriptBuildPhase section */
		F36B1CEB2AD83DDC00CB74D5 /* Compile Kotlin Framework */ = {
			isa = PBXShellScriptBuildPhase;
			buildActionMask = 2147483647;
			files = (
			);
			inputFileListPaths = (
			);
			inputPaths = (
			);
			name = "Compile Kotlin Framework";
			outputFileListPaths = (
			);
			outputPaths = (
			);
			runOnlyForDeploymentPostprocessing = 0;
			shellPath = /bin/sh;
			shellScript = "if [ \"YES\" = \"$OVERRIDE_KOTLIN_BUILD_IDE_SUPPORTED\" ]; then\n  echo \"Skipping Gradle build task invocation due to OVERRIDE_KOTLIN_BUILD_IDE_SUPPORTED environment variable set to \\\"YES\\\"\"\n  exit 0\nfi\ncd \"$SRCROOT/..\"\n./gradlew :composeApp:embedAndSignAppleFrameworkForXcode\n";
		};
/* End PBXShellScriptBuildPhase section */

/* Begin PBXSourcesBuildPhase section */
		7555FF77242A565900829871 /* Sources */ = {
			isa = PBXSourcesBuildPhase;
			buildActionMask = 2147483647;
			files = (
				2152FB042600AC8F00CF470E /* iOSApp.swift in Sources */,
				7555FF83242A565900829871 /* ContentView.swift in Sources */,
			);
			runOnlyForDeploymentPostprocessing = 0;
		};
/* End PBXSourcesBuildPhase section */

/* Begin XCBuildConfiguration section */
		7555FFA3242A565B00829871 /* Debug */ = {
			isa = XCBuildConfiguration;
			baseConfigurationReference = AB3632DC29227652001CCB65 /* Config.xcconfig */;
			buildSettings = {
				ALWAYS_SEARCH_USER_PATHS = NO;
				CLANG_ANALYZER_NONNULL = YES;
				CLANG_ANALYZER_NUMBER_OBJECT_CONVERSION = YES_AGGRESSIVE;
				CLANG_CXX_LANGUAGE_STANDARD = "gnu++14";
				CLANG_CXX_LIBRARY = "libc++";
				CLANG_ENABLE_MODULES = YES;
				CLANG_ENABLE_OBJC_ARC = YES;
				CLANG_ENABLE_OBJC_WEAK = YES;
				CLANG_WARN_BLOCK_CAPTURE_AUTORELEASING = YES;
				CLANG_WARN_BOOL_CONVERSION = YES;
				CLANG_WARN_COMMA = YES;
				CLANG_WARN_CONSTANT_CONVERSION = YES;
				CLANG_WARN_DEPRECATED_OBJC_IMPLEMENTATIONS = YES;
				CLANG_WARN_DIRECT_OBJC_ISA_USAGE = YES_ERROR;
				CLANG_WARN_DOCUMENTATION_COMMENTS = YES;
				CLANG_WARN_EMPTY_BODY = YES;
				CLANG_WARN_ENUM_CONVERSION = YES;
				CLANG_WARN_INFINITE_RECURSION = YES;
				CLANG_WARN_INT_CONVERSION = YES;
				CLANG_WARN_NON_LITERAL_NULL_CONVERSION = YES;
				CLANG_WARN_OBJC_IMPLICIT_RETAIN_SELF = YES;
				CLANG_WARN_OBJC_LITERAL_CONVERSION = YES;
				CLANG_WARN_OBJC_ROOT_CLASS = YES_ERROR;
				CLANG_WARN_QUOTED_INCLUDE_IN_FRAMEWORK_HEADER = YES;
				CLANG_WARN_RANGE_LOOP_ANALYSIS = YES;
				CLANG_WARN_STRICT_PROTOTYPES = YES;
				CLANG_WARN_SUSPICIOUS_MOVE = YES;
				CLANG_WARN_UNGUARDED_AVAILABILITY = YES_AGGRESSIVE;
				CLANG_WARN_UNREACHABLE_CODE = YES;
				CLANG_WARN__DUPLICATE_METHOD_MATCH = YES;
				COPY_PHASE_STRIP = NO;
				DEBUG_INFORMATION_FORMAT = "dwarf-with-dsym";
				ENABLE_STRICT_OBJC_MSGSEND = YES;
				ENABLE_TESTABILITY = YES;
				GCC_C_LANGUAGE_STANDARD = gnu11;
				GCC_DYNAMIC_NO_PIC = NO;
				GCC_NO_COMMON_BLOCKS = YES;
				GCC_OPTIMIZATION_LEVEL = 0;
				GCC_PREPROCESSOR_DEFINITIONS = (
					"DEBUG=1",
					"$(inherited)",
				);
				GCC_WARN_64_TO_32_BIT_CONVERSION = YES;
				GCC_WARN_ABOUT_RETURN_TYPE = YES_ERROR;
				GCC_WARN_UNDECLARED_SELECTOR = YES;
				GCC_WARN_UNINITIALIZED_AUTOS = YES_AGGRESSIVE;
				GCC_WARN_UNUSED_FUNCTION = YES;
				GCC_WARN_UNUSED_VARIABLE = YES;
				IPHONEOS_DEPLOYMENT_TARGET = 14.1;
				MTL_ENABLE_DEBUG_INFO = INCLUDE_SOURCE;
				MTL_FAST_MATH = YES;
				ONLY_ACTIVE_ARCH = YES;
				SDKROOT = iphoneos;
				SWIFT_ACTIVE_COMPILATION_CONDITIONS = DEBUG;
				SWIFT_OPTIMIZATION_LEVEL = "-Onone";
			};
			name = Debug;
		};
		7555FFA4242A565B00829871 /* Release */ = {
			isa = XCBuildConfiguration;
			baseConfigurationReference = AB3632DC29227652001CCB65 /* Config.xcconfig */;
			buildSettings = {
				ALWAYS_SEARCH_USER_PATHS = NO;
				CLANG_ANALYZER_NONNULL = YES;
				CLANG_ANALYZER_NUMBER_OBJECT_CONVERSION = YES_AGGRESSIVE;
				CLANG_CXX_LANGUAGE_STANDARD = "gnu++14";
				CLANG_CXX_LIBRARY = "libc++";
				CLANG_ENABLE_MODULES = YES;
				CLANG_ENABLE_OBJC_ARC = YES;
				CLANG_ENABLE_OBJC_WEAK = YES;
				CLANG_WARN_BLOCK_CAPTURE_AUTORELEASING = YES;
				CLANG_WARN_BOOL_CONVERSION = YES;
				CLANG_WARN_COMMA = YES;
				CLANG_WARN_CONSTANT_CONVERSION = YES;
				CLANG_WARN_DEPRECATED_OBJC_IMPLEMENTATIONS = YES;
				CLANG_WARN_DIRECT_OBJC_ISA_USAGE = YES_ERROR;
				CLANG_WARN_DOCUMENTATION_COMMENTS = YES;
				CLANG_WARN_EMPTY_BODY = YES;
				CLANG_WARN_ENUM_CONVERSION = YES;
				CLANG_WARN_INFINITE_RECURSION = YES;
				CLANG_WARN_INT_CONVERSION = YES;
				CLANG_WARN_NON_LITERAL_NULL_CONVERSION = YES;
				CLANG_WARN_OBJC_IMPLICIT_RETAIN_SELF = YES;
				CLANG_WARN_OBJC_LITERAL_CONVERSION = YES;
				CLANG_WARN_OBJC_ROOT_CLASS = YES_ERROR;
				CLANG_WARN_QUOTED_INCLUDE_IN_FRAMEWORK_HEADER = YES;
				CLANG_WARN_RANGE_LOOP_ANALYSIS = YES;
				CLANG_WARN_STRICT_PROTOTYPES = YES;
				CLANG_WARN_SUSPICIOUS_MOVE = YES;
				CLANG_WARN_UNGUARDED_AVAILABILITY = YES_AGGRESSIVE;
				CLANG_WARN_UNREACHABLE_CODE = YES;
				CLANG_WARN__DUPLICATE_METHOD_MATCH = YES;
				COPY_PHASE_STRIP = NO;
				DEBUG_INFORMATION_FORMAT = "dwarf-with-dsym";
				ENABLE_NS_ASSERTIONS = NO;
				ENABLE_STRICT_OBJC_MSGSEND = YES;
				GCC_C_LANGUAGE_STANDARD = gnu11;
				GCC_NO_COMMON_BLOCKS = YES;
				GCC_WARN_64_TO_32_BIT_CONVERSION = YES;
				GCC_WARN_ABOUT_RETURN_TYPE = YES_ERROR;
				GCC_WARN_UNDECLARED_SELECTOR = YES;
				GCC_WARN_UNINITIALIZED_AUTOS = YES_AGGRESSIVE;
				GCC_WARN_UNUSED_FUNCTION = YES;
				GCC_WARN_UNUSED_VARIABLE = YES;
				IPHONEOS_DEPLOYMENT_TARGET = 14.1;
				MTL_ENABLE_DEBUG_INFO = NO;
				MTL_FAST_MATH = YES;
				SDKROOT = iphoneos;
				SWIFT_COMPILATION_MODE = wholemodule;
				SWIFT_OPTIMIZATION_LEVEL = "-O";
				VALIDATE_PRODUCT = YES;
			};
			name = Release;
		};
		7555FFA6242A565B00829871 /* Debug */ = {
			isa = XCBuildConfiguration;
			buildSettings = {
				ASSETCATALOG_COMPILER_APPICON_NAME = AppIcon;
				CODE_SIGN_IDENTITY = "Apple Development";
				CODE_SIGN_STYLE = Automatic;
				DEVELOPMENT_ASSET_PATHS = "\"iosApp/Preview Content\"";
				DEVELOPMENT_TEAM = "${TEAM_ID}";
				ENABLE_PREVIEWS = YES;
				FRAMEWORK_SEARCH_PATHS = (
					"$(SRCROOT)/../shared/build/xcode-frameworks/$(CONFIGURATION)/$(SDK_NAME)\n$(SRCROOT)/../composeApp/build/xcode-frameworks/$(CONFIGURATION)/$(SDK_NAME)",
				);
				INFOPLIST_FILE = iosApp/Info.plist;
				IPHONEOS_DEPLOYMENT_TARGET = 14.1;
				LD_RUNPATH_SEARCH_PATHS = (
					"$(inherited)",
					"@executable_path/Frameworks",
				);
				OTHER_LDFLAGS = (
					"$(inherited)",
					"-framework",
					composeApp,
				);
				PRODUCT_BUNDLE_IDENTIFIER = "${BUNDLE_ID}${TEAM_ID}";
				PRODUCT_NAME = "${APP_NAME}";
				PROVISIONING_PROFILE_SPECIFIER = "";
				SWIFT_VERSION = 5.0;
				TARGETED_DEVICE_FAMILY = "1,2";
			};
			name = Debug;
		};
		7555FFA7242A565B00829871 /* Release */ = {
			isa = XCBuildConfiguration;
			buildSettings = {
				ASSETCATALOG_COMPILER_APPICON_NAME = AppIcon;
				CODE_SIGN_IDENTITY = "Apple Development";
				CODE_SIGN_STYLE = Automatic;
				DEVELOPMENT_ASSET_PATHS = "\"iosApp/Preview Content\"";
				DEVELOPMENT_TEAM = "${TEAM_ID}";
				ENABLE_PREVIEWS = YES;
				FRAMEWORK_SEARCH_PATHS = (
					"$(SRCROOT)/../shared/build/xcode-frameworks/$(CONFIGURATION)/$(SDK_NAME)\n$(SRCROOT)/../composeApp/build/xcode-frameworks/$(CONFIGURATION)/$(SDK_NAME)",
				);
				INFOPLIST_FILE = iosApp/Info.plist;
				IPHONEOS_DEPLOYMENT_TARGET = 14.1;
				LD_RUNPATH_SEARCH_PATHS = (
					"$(inherited)",
					"@executable_path/Frameworks",
				);
				OTHER_LDFLAGS = (
					"$(inherited)",
					"-framework",
					composeApp,
				);
				PRODUCT_BUNDLE_IDENTIFIER = "${BUNDLE_ID}${TEAM_ID}";
				PRODUCT_NAME = "${APP_NAME}";
				PROVISIONING_PROFILE_SPECIFIER = "";
				SWIFT_VERSION = 5.0;
				TARGETED_DEVICE_FAMILY = "1,2";
			};
			name = Release;
		};
/* End XCBuildConfiguration section */

/* Begin XCConfigurationList section */
		7555FF76242A565900829871 /* Build configuration list for PBXProject "iosApp" */ = {
			isa = XCConfigurationList;
			buildConfigurations = (
				7555FFA3242A565B00829871 /* Debug */,
				7555FFA4242A565B00829871 /* Release */,
			);
			defaultConfigurationIsVisible = 0;
			defaultConfigurationName = Release;
		};
		7555FFA5242A565B00829871 /* Build configuration list for PBXNativeTarget "iosApp" */ = {
			isa = XCConfigurationList;
			buildConfigurations = (
				7555FFA6242A565B00829871 /* Debug */,
				7555FFA7242A565B00829871 /* Release */,
			);
			defaultConfigurationIsVisible = 0;
			defaultConfigurationName = Release;
		};
/* End XCConfigurationList section */
	};
	rootObject = 7555FF73242A565900829871 /* Project object */;
}
